
Microsoft Visual Studio Solution File, Format Version 12.00
# Visual Studio Version 17
VisualStudioVersion = 17.0.31903.59
MinimumVisualStudioVersion = 10.0.40219.1
Project("{FAE04EC0-301F-11D3-BF4B-00C04F79EFBC}") = "Knowledge", "Knowledge\Knowledge.csproj", "{A1862ADD-27A3-43B0-A5DB-5AB76E8B79E9}"
EndProject
Project("{FAE04EC0-301F-11D3-BF4B-00C04F79EFBC}") = "Knowledge.Tests", "Knowledge.Tests\Knowledge.Tests.csproj", "{08399A4C-30A0-4763-B955-513E16C10C67}"
EndProject
Project("{FAE04EC0-301F-11D3-BF4B-00C04F79EFBC}") = "Housekeeping", "..\.claude\skills\housekeeping\src\Housekeeping.csproj", "{CBEBF6A3-C0F1-4E39-90C3-3F0C55B704D5}"
EndProject
Project("{FAE04EC0-301F-11D3-BF4B-00C04F79EFBC}") = "Housekeeping.Tests", "..\.claude\skills\housekeeping\tests\Housekeeping.Tests.csproj", "{516E5742-0BEC-4B1C-A41F-D9992D093274}"
EndProject
Project("{FAE04EC0-301F-11D3-BF4B-00C04F79EFBC}") = "KnowledgeHarvest", "..\.claude\skills\knowledge-harvest\src\KnowledgeHarvest.csproj", "{E9639744-D233-491C-B6E8-0E1FCE2A7E76}"
EndProject
Project("{FAE04EC0-301F-11D3-BF4B-00C04F79EFBC}") = "KnowledgeHarvest.Tests", "..\.claude\skills\knowledge-harvest\tests\KnowledgeHarvest.Tests.csproj", "{5D0BBBFD-C79B-4297-8FD3-9968EC31F8B0}"
EndProject
Global
	GlobalSection(SolutionConfigurationPlatforms) = preSolution
		Debug|Any CPU = Debug|Any CPU
		Debug|x64 = Debug|x64
		Debug|x86 = Debug|x86
		Release|Any CPU = Release|Any CPU
		Release|x64 = Release|x64
		Release|x86 = Release|x86
	EndGlobalSection
	GlobalSection(ProjectConfigurationPlatforms) = postSolution
		{A1862ADD-27A3-43B0-A5DB-5AB76E8B79E9}.Debug|Any CPU.ActiveCfg = Debug|Any CPU
		{A1862ADD-27A3-43B0-A5DB-5AB76E8B79E9}.Debug|Any CPU.Build.0 = Debug|Any CPU
		{A1862ADD-27A3-43B0-A5DB-5AB76E8B79E9}.Debug|x64.ActiveCfg = Debug|Any CPU
		{A1862ADD-27A3-43B0-A5DB-5AB76E8B79E9}.Debug|x64.Build.0 = Debug|Any CPU
		{A1862ADD-27A3-43B0-A5DB-5AB76E8B79E9}.Debug|x86.ActiveCfg = Debug|Any CPU
		{A1862ADD-27A3-43B0-A5DB-5AB76E8B79E9}.Debug|x86.Build.0 = Debug|Any CPU
		{A1862ADD-27A3-43B0-A5DB-5AB76E8B79E9}.Release|Any CPU.ActiveCfg = Release|Any CPU
		{A1862ADD-27A3-43B0-A5DB-5AB76E8B79E9}.Release|Any CPU.Build.0 = Release|Any CPU
		{A1862ADD-27A3-43B0-A5DB-5AB76E8B79E9}.Release|x64.ActiveCfg = Release|Any CPU
		{A1862ADD-27A3-43B0-A5DB-5AB76E8B79E9}.Release|x64.Build.0 = Release|Any CPU
		{A1862ADD-27A3-43B0-A5DB-5AB76E8B79E9}.Release|x86.ActiveCfg = Release|Any CPU
		{A1862ADD-27A3-43B0-A5DB-5AB76E8B79E9}.Release|x86.Build.0 = Release|Any CPU
		{08399A4C-30A0-4763-B955-513E16C10C67}.Debug|Any CPU.ActiveCfg = Debug|Any CPU
		{08399A4C-30A0-4763-B955-513E16C10C67}.Debug|Any CPU.Build.0 = Debug|Any CPU
		{08399A4C-30A0-4763-B955-513E16C10C67}.Debug|x64.ActiveCfg = Debug|Any CPU
		{08399A4C-30A0-4763-B955-513E16C10C67}.Debug|x64.Build.0 = Debug|Any CPU
		{08399A4C-30A0-4763-B955-513E16C10C67}.Debug|x86.ActiveCfg = Debug|Any CPU
		{08399A4C-30A0-4763-B955-513E16C10C67}.Debug|x86.Build.0 = Debug|Any CPU
		{08399A4C-30A0-4763-B955-513E16C10C67}.Release|Any CPU.ActiveCfg = Release|Any CPU
		{08399A4C-30A0-4763-B955-513E16C10C67}.Release|Any CPU.Build.0 = Release|Any CPU
		{08399A4C-30A0-4763-B955-513E16C10C67}.Release|x64.ActiveCfg = Release|Any CPU
		{08399A4C-30A0-4763-B955-513E16C10C67}.Release|x64.Build.0 = Release|Any CPU
		{08399A4C-30A0-4763-B955-513E16C10C67}.Release|x86.ActiveCfg = Release|Any CPU
		{08399A4C-30A0-4763-B955-513E16C10C67}.Release|x86.Build.0 = Release|Any CPU
		{CBEBF6A3-C0F1-4E39-90C3-3F0C55B704D5}.Debug|Any CPU.ActiveCfg = Debug|Any CPU
		{CBEBF6A3-C0F1-4E39-90C3-3F0C55B704D5}.Debug|Any CPU.Build.0 = Debug|Any CPU
		{CBEBF6A3-C0F1-4E39-90C3-3F0C55B704D5}.Debug|x64.ActiveCfg = Debug|Any CPU
		{CBEBF6A3-C0F1-4E39-90C3-3F0C55B704D5}.Debug|x64.Build.0 = Debug|Any CPU
		{CBEBF6A3-C0F1-4E39-90C3-3F0C55B704D5}.Debug|x86.ActiveCfg = Debug|Any CPU
		{CBEBF6A3-C0F1-4E39-90C3-3F0C55B704D5}.Debug|x86.Build.0 = Debug|Any CPU
		{CBEBF6A3-C0F1-4E39-90C3-3F0C55B704D5}.Release|Any CPU.ActiveCfg = Release|Any CPU
		{CBEBF6A3-C0F1-4E39-90C3-3F0C55B704D5}.Release|Any CPU.Build.0 = Release|Any CPU
		{CBEBF6A3-C0F1-4E39-90C3-3F0C55B704D5}.Release|x64.ActiveCfg = Release|Any CPU
		{CBEBF6A3-C0F1-4E39-90C3-3F0C55B704D5}.Release|x64.Build.0 = Release|Any CPU
		{CBEBF6A3-C0F1-4E39-90C3-3F0C55B704D5}.Release|x86.ActiveCfg = Release|Any CPU
		{CBEBF6A3-C0F1-4E39-90C3-3F0C55B704D5}.Release|x86.Build.0 = Release|Any CPU
		{516E5742-0BEC-4B1C-A41F-D9992D093274}.Debug|Any CPU.ActiveCfg = Debug|Any CPU
		{516E5742-0BEC-4B1C-A41F-D9992D093274}.Debug|Any CPU.Build.0 = Debug|Any CPU
		{516E5742-0BEC-4B1C-A41F-D9992D093274}.Debug|x64.ActiveCfg = Debug|Any CPU
		{516E5742-0BEC-4B1C-A41F-D9992D093274}.Debug|x64.Build.0 = Debug|Any CPU
		{516E5742-0BEC-4B1C-A41F-D9992D093274}.Debug|x86.ActiveCfg = Debug|Any CPU
		{516E5742-0BEC-4B1C-A41F-D9992D093274}.Debug|x86.Build.0 = Debug|Any CPU
		{516E5742-0BEC-4B1C-A41F-D9992D093274}.Release|Any CPU.ActiveCfg = Release|Any CPU
		{516E5742-0BEC-4B1C-A41F-D9992D093274}.Release|Any CPU.Build.0 = Release|Any CPU
		{516E5742-0BEC-4B1C-A41F-D9992D093274}.Release|x64.ActiveCfg = Release|Any CPU
		{516E5742-0BEC-4B1C-A41F-D9992D093274}.Release|x64.Build.0 = Release|Any CPU
		{516E5742-0BEC-4B1C-A41F-D9992D093274}.Release|x86.ActiveCfg = Release|Any CPU
		{516E5742-0BEC-4B1C-A41F-D9992D093274}.Release|x86.Build.0 = Release|Any CPU
		{E9639744-D233-491C-B6E8-0E1FCE2A7E76}.Debug|Any CPU.ActiveCfg = Debug|Any CPU
		{E9639744-D233-491C-B6E8-0E1FCE2A7E76}.Debug|Any CPU.Build.0 = Debug|Any CPU
		{E9639744-D233-491C-B6E8-0E1FCE2A7E76}.Debug|x64.ActiveCfg = Debug|Any CPU
		{E9639744-D233-491C-B6E8-0E1FCE2A7E76}.Debug|x64.Build.0 = Debug|Any CPU
		{E9639744-D233-491C-B6E8-0E1FCE2A7E76}.Debug|x86.ActiveCfg = Debug|Any CPU
		{E9639744-D233-491C-B6E8-0E1FCE2A7E76}.Debug|x86.Build.0 = Debug|Any CPU
		{E9639744-D233-491C-B6E8-0E1FCE2A7E76}.Release|Any CPU.ActiveCfg = Release|Any CPU
		{E9639744-D233-491C-B6E8-0E1FCE2A7E76}.Release|Any CPU.Build.0 = Release|Any CPU
		{E9639744-D233-491C-B6E8-0E1FCE2A7E76}.Release|x64.ActiveCfg = Release|Any CPU
		{E9639744-D233-491C-B6E8-0E1FCE2A7E76}.Release|x64.Build.0 = Release|Any CPU
		{E9639744-D233-491C-B6E8-0E1FCE2A7E76}.Release|x86.ActiveCfg = Release|Any CPU
		{E9639744-D233-491C-B6E8-0E1FCE2A7E76}.Release|x86.Build.0 = Release|Any CPU
		{5D0BBBFD-C79B-4297-8FD3-9968EC31F8B0}.Debug|Any CPU.ActiveCfg = Debug|Any CPU
		{5D0BBBFD-C79B-4297-8FD3-9968EC31F8B0}.Debug|Any CPU.Build.0 = Debug|Any CPU
		{5D0BBBFD-C79B-4297-8FD3-9968EC31F8B0}.Debug|x64.ActiveCfg = Debug|Any CPU
		{5D0BBBFD-C79B-4297-8FD3-9968EC31F8B0}.Debug|x64.Build.0 = Debug|Any CPU
		{5D0BBBFD-C79B-4297-8FD3-9968EC31F8B0}.Debug|x86.ActiveCfg = Debug|Any CPU
		{5D0BBBFD-C79B-4297-8FD3-9968EC31F8B0}.Debug|x86.Build.0 = Debug|Any CPU
		{5D0BBBFD-C79B-4297-8FD3-9968EC31F8B0}.Release|Any CPU.ActiveCfg = Release|Any CPU
		{5D0BBBFD-C79B-4297-8FD3-9968EC31F8B0}.Release|Any CPU.Build.0 = Release|Any CPU
		{5D0BBBFD-C79B-4297-8FD3-9968EC31F8B0}.Release|x64.ActiveCfg = Release|Any CPU
		{5D0BBBFD-C79B-4297-8FD3-9968EC31F8B0}.Release|x64.Build.0 = Release|Any CPU
		{5D0BBBFD-C79B-4297-8FD3-9968EC31F8B0}.Release|x86.ActiveCfg = Release|Any CPU
		{5D0BBBFD-C79B-4297-8FD3-9968EC31F8B0}.Release|x86.Build.0 = Release|Any CPU
	EndGlobalSection
	GlobalSection(SolutionProperties) = preSolution
		HideSolutionNode = FALSE
	EndGlobalSection
EndGlobal
